# nanvix.lock - auto-generated by nanvix_zutil. DO NOT EDIT.

[metadata]
manifest-hash = "sha256:eacbab04233051aacd92d8e7a41234af2f9551fd961f63b4ffdedc0ab0937511"
nanvix-zutil-version = "0.16.3"

[metadata.sdk]
schema-version = 1
sdk-version = "v0.24.14-sdk.1"
provider-id = "c-clang"
provider = "clang"
role = "c"
image-name = "ghcr.io/nanvix/nanvix-sdk-c-clang"
image-digest = "sha256:de321f89dcc8fe746f63dc63f25a55c9c4c1ba30e328f0a44744017e56f62154"
image-ref = "ghcr.io/nanvix/nanvix-sdk-c-clang@sha256:de321f89dcc8fe746f63dc63f25a55c9c4c1ba30e328f0a44744017e56f62154"
nanvix-tag = "v0.24.14"
nanvix-version = "0.24.14"
nanvix-commit = "3b35b113c16bb9fe3ac0ed66883460f5d116dfe7"
sysroot-sha256 = "6b4195e1851ca2db1d44789c94ed9d12025d68ba8b2f03148c38637ff645d8b7"

[metadata.sdk.target]
alias = "i686-nanvix"
triple = "i686-unknown-nanvix"

[metadata.sdk.toolchain]
llvm_commit = "5e01d380b5a9e56e592ded268dbdc966c48176df"
llvm_version = "22.1.8"
port_branch = "nanvix/v22.1.8"

[metadata.sdk.compat]
abi = "static-elf"
c_abi = "i686-nanvix-sysv-1"
cxx_abi = "libc++"
min_nanvix_os = "0.19.9"

[metadata.sdk.features]
compiler_rt = "builtins-only"
dynamic_loader = false
filesystem = true
localization = true
wide_chars = true


[[package]]
name = "nanvix"
repo = "nanvix/nanvix"
kind = "sysroot"
ref-kind = "tag"
ref-value = "0.24.14"
resolved-tag = "v0.24.14"
resolved-commitish = "3b35b113c16bb9fe3ac0ed66883460f5d116dfe7"
release-id = 381723825
dependencies = []

[[package.assets]]
name = "nanvix-windows-x86-microvm-standalone-release-256mb-3b35b113c16bb9fe3ac0ed66883460f5d116dfe7.zip"
url = "https://github.com/nanvix/nanvix/releases/download/v0.24.14/nanvix-windows-x86-microvm-standalone-release-256mb-3b35b113c16bb9fe3ac0ed66883460f5d116dfe7.zip"
id = 542185984

[[package.assets]]
name = "nanvix-windows-x86_64-microvm-standalone-release-256mb-3b35b113c16bb9fe3ac0ed66883460f5d116dfe7.zip"
url = "https://github.com/nanvix/nanvix/releases/download/v0.24.14/nanvix-windows-x86_64-microvm-standalone-release-256mb-3b35b113c16bb9fe3ac0ed66883460f5d116dfe7.zip"
id = 542186048

[[package.assets]]
name = "nanvix-x86-microvm-standalone-release-256mb-3b35b113c16bb9fe3ac0ed66883460f5d116dfe7.tar.bz2"
url = "https://github.com/nanvix/nanvix/releases/download/v0.24.14/nanvix-x86-microvm-standalone-release-256mb-3b35b113c16bb9fe3ac0ed66883460f5d116dfe7.tar.bz2"
id = 542186119

[[package.assets]]
name = "nanvix-x86_64-microvm-standalone-release-256mb-3b35b113c16bb9fe3ac0ed66883460f5d116dfe7.tar.bz2"
url = "https://github.com/nanvix/nanvix/releases/download/v0.24.14/nanvix-x86_64-microvm-standalone-release-256mb-3b35b113c16bb9fe3ac0ed66883460f5d116dfe7.tar.bz2"
id = 542186135

[[package]]
name = "cpython"
repo = "nanvix/cpython"
kind = "dependency"
ref-kind = "version"
ref-value = "3.12.3-nanvix-0.24.14-sdk.1"
resolved-tag = "3.12.3-nanvix-0.24.14-sdk.1"
resolved-commitish = "nanvix/v3.12.3"
release-id = 382896278
dependencies = [
    "zlib",
    "sqlite",
    "openssl",
    "bzip2",
    "libffi",
    "libxml2",
    "libxslt",
    "lxml",
    "xz",
]

[[package.assets]]
name = "cpython-linux-x86-microvm-standalone-256mb-dev.tar.gz"
url = "https://github.com/nanvix/cpython/releases/download/3.12.3-nanvix-0.24.14-sdk.1/cpython-linux-x86-microvm-standalone-256mb-dev.tar.gz"
id = 544649647

[[package.assets]]
name = "cpython-linux-x86-microvm-standalone-256mb.tar.gz"
url = "https://github.com/nanvix/cpython/releases/download/3.12.3-nanvix-0.24.14-sdk.1/cpython-linux-x86-microvm-standalone-256mb.tar.gz"
id = 544649648

[[package.assets]]
name = "cpython-windows-x86-microvm-standalone-256mb-dev.zip"
url = "https://github.com/nanvix/cpython/releases/download/3.12.3-nanvix-0.24.14-sdk.1/cpython-windows-x86-microvm-standalone-256mb-dev.zip"
id = 544649646

[[package.assets]]
name = "cpython-windows-x86-microvm-standalone-256mb.zip"
url = "https://github.com/nanvix/cpython/releases/download/3.12.3-nanvix-0.24.14-sdk.1/cpython-windows-x86-microvm-standalone-256mb.zip"
id = 544649645

[[package]]
name = "zlib"
repo = "nanvix/zlib"
kind = "dependency"
ref-kind = "version"
ref-value = "1.3.1-nanvix-0.24.14-sdk.1"
resolved-tag = "1.3.1-nanvix-0.24.14-sdk.1"
resolved-commitish = "nanvix/v1.3.1"
release-id = 382229496
dependencies = []
transitive = true
required-by = [
    "cpython",
    "sqlite",
    "libxml2",
    "libxslt",
    "lxml",
]

[[package.assets]]
name = "zlib-linux-x86-microvm-standalone-256mb-dev.tar.gz"
url = "https://github.com/nanvix/zlib/releases/download/1.3.1-nanvix-0.24.14-sdk.1/zlib-linux-x86-microvm-standalone-256mb-dev.tar.gz"
id = 543141866

[[package.assets]]
name = "zlib-windows-x86-microvm-standalone-256mb-dev.zip"
url = "https://github.com/nanvix/zlib/releases/download/1.3.1-nanvix-0.24.14-sdk.1/zlib-windows-x86-microvm-standalone-256mb-dev.zip"
id = 543141867

[[package]]
name = "sqlite"
repo = "nanvix/sqlite"
kind = "dependency"
ref-kind = "version"
ref-value = "3.49.0-nanvix-0.24.14-sdk.1"
resolved-tag = "3.49.0-nanvix-0.24.14-sdk.1"
resolved-commitish = "nanvix/v3.49.0"
release-id = 382775771
dependencies = [
    "zlib",
]
transitive = true
required-by = [
    "cpython",
]

[[package.assets]]
name = "sqlite-linux-x86-microvm-standalone-256mb-dev.tar.gz"
url = "https://github.com/nanvix/sqlite/releases/download/3.49.0-nanvix-0.24.14-sdk.1/sqlite-linux-x86-microvm-standalone-256mb-dev.tar.gz"
id = 544424981

[[package.assets]]
name = "sqlite-linux-x86-microvm-standalone-256mb.tar.gz"
url = "https://github.com/nanvix/sqlite/releases/download/3.49.0-nanvix-0.24.14-sdk.1/sqlite-linux-x86-microvm-standalone-256mb.tar.gz"
id = 544424977

[[package.assets]]
name = "sqlite-windows-x86-microvm-standalone-256mb-dev.zip"
url = "https://github.com/nanvix/sqlite/releases/download/3.49.0-nanvix-0.24.14-sdk.1/sqlite-windows-x86-microvm-standalone-256mb-dev.zip"
id = 544424978

[[package.assets]]
name = "sqlite-windows-x86-microvm-standalone-256mb.zip"
url = "https://github.com/nanvix/sqlite/releases/download/3.49.0-nanvix-0.24.14-sdk.1/sqlite-windows-x86-microvm-standalone-256mb.zip"
id = 544424980

[[package]]
name = "openssl"
repo = "nanvix/openssl"
kind = "dependency"
ref-kind = "version"
ref-value = "3.5.0-nanvix-0.24.14-sdk.1"
resolved-tag = "3.5.0-nanvix-0.24.14-sdk.1"
resolved-commitish = "nanvix/v3.5.0"
release-id = 382232111
dependencies = []
transitive = true
required-by = [
    "cpython",
]

[[package.assets]]
name = "openssl-linux-x86-microvm-standalone-256mb-dev.tar.gz"
url = "https://github.com/nanvix/openssl/releases/download/3.5.0-nanvix-0.24.14-sdk.1/openssl-linux-x86-microvm-standalone-256mb-dev.tar.gz"
id = 543146772

[[package.assets]]
name = "openssl-windows-x86-microvm-standalone-256mb-dev.zip"
url = "https://github.com/nanvix/openssl/releases/download/3.5.0-nanvix-0.24.14-sdk.1/openssl-windows-x86-microvm-standalone-256mb-dev.zip"
id = 543146777

[[package]]
name = "bzip2"
repo = "nanvix/bzip2"
kind = "dependency"
ref-kind = "version"
ref-value = "1.0.8-nanvix-0.24.14-sdk.1"
resolved-tag = "1.0.8-nanvix-0.24.14-sdk.1"
resolved-commitish = "nanvix/v1.0.8"
release-id = 382229896
dependencies = []
transitive = true
required-by = [
    "cpython",
]

[[package.assets]]
name = "bzip2-linux-x86-microvm-standalone-256mb-dev.tar.gz"
url = "https://github.com/nanvix/bzip2/releases/download/1.0.8-nanvix-0.24.14-sdk.1/bzip2-linux-x86-microvm-standalone-256mb-dev.tar.gz"
id = 543142599

[[package.assets]]
name = "bzip2-linux-x86-microvm-standalone-256mb.tar.gz"
url = "https://github.com/nanvix/bzip2/releases/download/1.0.8-nanvix-0.24.14-sdk.1/bzip2-linux-x86-microvm-standalone-256mb.tar.gz"
id = 543142600

[[package.assets]]
name = "bzip2-windows-x86-microvm-standalone-256mb-dev.zip"
url = "https://github.com/nanvix/bzip2/releases/download/1.0.8-nanvix-0.24.14-sdk.1/bzip2-windows-x86-microvm-standalone-256mb-dev.zip"
id = 543142597

[[package.assets]]
name = "bzip2-windows-x86-microvm-standalone-256mb.zip"
url = "https://github.com/nanvix/bzip2/releases/download/1.0.8-nanvix-0.24.14-sdk.1/bzip2-windows-x86-microvm-standalone-256mb.zip"
id = 543142596

[[package]]
name = "libffi"
repo = "nanvix/libffi"
kind = "dependency"
ref-kind = "version"
ref-value = "3.4.6-nanvix-0.24.14-sdk.1"
resolved-tag = "3.4.6-nanvix-0.24.14-sdk.1"
resolved-commitish = "nanvix/v3.4.6"
release-id = 382230289
dependencies = []
transitive = true
required-by = [
    "cpython",
]

[[package.assets]]
name = "libffi-linux-x86-microvm-standalone-256mb-dev.tar.gz"
url = "https://github.com/nanvix/libffi/releases/download/3.4.6-nanvix-0.24.14-sdk.1/libffi-linux-x86-microvm-standalone-256mb-dev.tar.gz"
id = 543143433

[[package.assets]]
name = "libffi-windows-x86-microvm-standalone-256mb-dev.zip"
url = "https://github.com/nanvix/libffi/releases/download/3.4.6-nanvix-0.24.14-sdk.1/libffi-windows-x86-microvm-standalone-256mb-dev.zip"
id = 543143431

[[package]]
name = "libxml2"
repo = "nanvix/libxml2"
kind = "dependency"
ref-kind = "version"
ref-value = "2.12.9-nanvix-0.24.14-sdk.1"
resolved-tag = "2.12.9-nanvix-0.24.14-sdk.1"
resolved-commitish = "nanvix/v2.12.9"
release-id = 382775385
dependencies = [
    "zlib",
]
transitive = true
required-by = [
    "cpython",
    "libxslt",
    "lxml",
]

[[package.assets]]
name = "libxml2-linux-x86-microvm-standalone-256mb-dev.tar.gz"
url = "https://github.com/nanvix/libxml2/releases/download/2.12.9-nanvix-0.24.14-sdk.1/libxml2-linux-x86-microvm-standalone-256mb-dev.tar.gz"
id = 544424134

[[package.assets]]
name = "libxml2-linux-x86-microvm-standalone-256mb.tar.gz"
url = "https://github.com/nanvix/libxml2/releases/download/2.12.9-nanvix-0.24.14-sdk.1/libxml2-linux-x86-microvm-standalone-256mb.tar.gz"
id = 544424133

[[package.assets]]
name = "libxml2-windows-x86-microvm-standalone-256mb-dev.zip"
url = "https://github.com/nanvix/libxml2/releases/download/2.12.9-nanvix-0.24.14-sdk.1/libxml2-windows-x86-microvm-standalone-256mb-dev.zip"
id = 544424132

[[package.assets]]
name = "libxml2-windows-x86-microvm-standalone-256mb.zip"
url = "https://github.com/nanvix/libxml2/releases/download/2.12.9-nanvix-0.24.14-sdk.1/libxml2-windows-x86-microvm-standalone-256mb.zip"
id = 544424135

[[package]]
name = "libxslt"
repo = "nanvix/libxslt"
kind = "dependency"
ref-kind = "version"
ref-value = "1.1.42-nanvix-0.24.14-sdk.1"
resolved-tag = "1.1.42-nanvix-0.24.14-sdk.1"
resolved-commitish = "nanvix/v1.1.42"
release-id = 382806627
dependencies = [
    "libxml2",
    "zlib",
]
transitive = true
required-by = [
    "cpython",
    "lxml",
]

[[package.assets]]
name = "libxslt-linux-x86-microvm-standalone-256mb-dev.tar.gz"
url = "https://github.com/nanvix/libxslt/releases/download/1.1.42-nanvix-0.24.14-sdk.1/libxslt-linux-x86-microvm-standalone-256mb-dev.tar.gz"
id = 544483379

[[package.assets]]
name = "libxslt-windows-x86-microvm-standalone-256mb-dev.zip"
url = "https://github.com/nanvix/libxslt/releases/download/1.1.42-nanvix-0.24.14-sdk.1/libxslt-windows-x86-microvm-standalone-256mb-dev.zip"
id = 544483376

[[package]]
name = "lxml"
repo = "nanvix/lxml"
kind = "dependency"
ref-kind = "version"
ref-value = "5.3.0-nanvix-0.24.14-sdk.1"
resolved-tag = "5.3.0-nanvix-0.24.14-sdk.1"
resolved-commitish = "nanvix/v5.3.0"
release-id = 382834928
dependencies = [
    "zlib",
    "libxml2",
    "libxslt",
]
transitive = true
required-by = [
    "cpython",
]

[[package.assets]]
name = "lxml-linux-x86-microvm-standalone-256mb-dev.tar.gz"
url = "https://github.com/nanvix/lxml/releases/download/5.3.0-nanvix-0.24.14-sdk.1/lxml-linux-x86-microvm-standalone-256mb-dev.tar.gz"
id = 544534506

[[package.assets]]
name = "lxml-windows-x86-microvm-standalone-256mb-dev.zip"
url = "https://github.com/nanvix/lxml/releases/download/5.3.0-nanvix-0.24.14-sdk.1/lxml-windows-x86-microvm-standalone-256mb-dev.zip"
id = 544534509

[[package]]
name = "xz"
repo = "nanvix/xz"
kind = "dependency"
ref-kind = "version"
ref-value = "5.2.5-nanvix-0.24.14-sdk.1"
resolved-tag = "5.2.5-nanvix-0.24.14-sdk.1"
resolved-commitish = "nanvix/v5.2.5"
release-id = 382229973
dependencies = []
transitive = true
required-by = [
    "cpython",
]

[[package.assets]]
name = "xz-linux-x86-microvm-standalone-256mb-dev.tar.gz"
url = "https://github.com/nanvix/xz/releases/download/5.2.5-nanvix-0.24.14-sdk.1/xz-linux-x86-microvm-standalone-256mb-dev.tar.gz"
id = 543142728

[[package.assets]]
name = "xz-windows-x86-microvm-standalone-256mb-dev.zip"
url = "https://github.com/nanvix/xz/releases/download/5.2.5-nanvix-0.24.14-sdk.1/xz-windows-x86-microvm-standalone-256mb-dev.zip"
id = 543142732
