# nanvix.lock - auto-generated by nanvix_zutil. DO NOT EDIT.

[metadata]
manifest-hash = "sha256:e7276e6a3211ab3f14dfb7c94a1fdff9279976bf71adb8b28ab52dda6eb93fe8"
nanvix-zutil-version = "0.16.3"

[metadata.sdk]
schema-version = 1
sdk-version = "v0.21.51-sdk.1"
provider-id = "c-clang"
provider = "clang"
role = "c"
image-name = "ghcr.io/nanvix/nanvix-sdk-c-clang"
image-digest = "sha256:f55df22e4ad240d409d1fddee17c81f368da93ab098bba1ede6e2baaa881917f"
image-ref = "ghcr.io/nanvix/nanvix-sdk-c-clang@sha256:f55df22e4ad240d409d1fddee17c81f368da93ab098bba1ede6e2baaa881917f"
nanvix-tag = "v0.21.51"
nanvix-version = "0.21.51"
nanvix-commit = "b9525e21d7088cb5058b17a00f71021f3d8509e9"
sysroot-sha256 = "65376fee49a8a7f6d5048b5a057f2e9a9e25dc47f26be665aecb56ba0ca5f439"

[metadata.sdk.target]
alias = "i686-nanvix"
triple = "i686-unknown-nanvix"

[metadata.sdk.toolchain]
llvm_commit = "ccb59c4c1479b296738e0e270877692d6255dfc2"
llvm_version = "22.1.8"
port_branch = "nanvix/v22.1.8"

[metadata.sdk.compat]
abi = "static-elf"
c_abi = "i686-nanvix-sysv-1"
cxx_abi = "libc++"
min_nanvix_os = "0.19.9"

[metadata.sdk.features]
compiler_rt = "builtins-only"
dynamic_loader = false
filesystem = true
localization = true
wide_chars = true


[[package]]
name = "nanvix"
repo = "nanvix/nanvix"
kind = "sysroot"
ref-kind = "tag"
ref-value = "0.21.51"
resolved-tag = "v0.21.51"
resolved-commitish = "b9525e21d7088cb5058b17a00f71021f3d8509e9"
release-id = 360818094
dependencies = []

[[package.assets]]
name = "nanvix-windows-x86-microvm-standalone-release-256mb-b9525e21d7088cb5058b17a00f71021f3d8509e9.zip"
url = "https://github.com/nanvix/nanvix/releases/download/v0.21.51/nanvix-windows-x86-microvm-standalone-release-256mb-b9525e21d7088cb5058b17a00f71021f3d8509e9.zip"
id = 492224264

[[package.assets]]
name = "nanvix-x86-microvm-standalone-release-256mb-b9525e21d7088cb5058b17a00f71021f3d8509e9.tar.bz2"
url = "https://github.com/nanvix/nanvix/releases/download/v0.21.51/nanvix-x86-microvm-standalone-release-256mb-b9525e21d7088cb5058b17a00f71021f3d8509e9.tar.bz2"
id = 492224303

[[package]]
name = "cpython"
repo = "nanvix/cpython"
kind = "dependency"
ref-kind = "version"
ref-value = "3.12.3-nanvix-0.21.51-sdk.1"
resolved-tag = "3.12.3-nanvix-0.21.51-sdk.1"
resolved-commitish = "nanvix/v3.12.3"
release-id = 361863942
dependencies = [
    "zlib",
    "sqlite",
    "openssl",
    "bzip2",
    "libffi",
    "libxml2",
    "libxslt",
    "lxml",
    "xz",
]

[[package.assets]]
name = "cpython-linux-x86-microvm-standalone-256mb-dev.tar.gz"
url = "https://github.com/nanvix/cpython/releases/download/3.12.3-nanvix-0.21.51-sdk.1/cpython-linux-x86-microvm-standalone-256mb-dev.tar.gz"
id = 494210274

[[package.assets]]
name = "cpython-linux-x86-microvm-standalone-256mb.tar.gz"
url = "https://github.com/nanvix/cpython/releases/download/3.12.3-nanvix-0.21.51-sdk.1/cpython-linux-x86-microvm-standalone-256mb.tar.gz"
id = 494210276

[[package.assets]]
name = "cpython-windows-x86-microvm-standalone-256mb-dev.zip"
url = "https://github.com/nanvix/cpython/releases/download/3.12.3-nanvix-0.21.51-sdk.1/cpython-windows-x86-microvm-standalone-256mb-dev.zip"
id = 494210275

[[package.assets]]
name = "cpython-windows-x86-microvm-standalone-256mb.zip"
url = "https://github.com/nanvix/cpython/releases/download/3.12.3-nanvix-0.21.51-sdk.1/cpython-windows-x86-microvm-standalone-256mb.zip"
id = 494210277

[[package]]
name = "zlib"
repo = "nanvix/zlib"
kind = "dependency"
ref-kind = "version"
ref-value = "1.3.1-nanvix-0.21.51-sdk.1"
resolved-tag = "1.3.1-nanvix-0.21.51-sdk.1"
resolved-commitish = "nanvix/v1.3.1"
release-id = 361234736
dependencies = []
transitive = true
required-by = [
    "cpython",
    "sqlite",
    "libxml2",
    "libxslt",
    "lxml",
]

[[package.assets]]
name = "zlib-linux-x86-microvm-standalone-256mb-dev.tar.gz"
url = "https://github.com/nanvix/zlib/releases/download/1.3.1-nanvix-0.21.51-sdk.1/zlib-linux-x86-microvm-standalone-256mb-dev.tar.gz"
id = 492943176

[[package.assets]]
name = "zlib-windows-x86-microvm-standalone-256mb-dev.zip"
url = "https://github.com/nanvix/zlib/releases/download/1.3.1-nanvix-0.21.51-sdk.1/zlib-windows-x86-microvm-standalone-256mb-dev.zip"
id = 492943170

[[package]]
name = "sqlite"
repo = "nanvix/sqlite"
kind = "dependency"
ref-kind = "version"
ref-value = "3.49.0-nanvix-0.21.51-sdk.1"
resolved-tag = "3.49.0-nanvix-0.21.51-sdk.1"
resolved-commitish = "nanvix/v3.49.0"
release-id = 361725346
dependencies = [
    "zlib",
]
transitive = true
required-by = [
    "cpython",
]

[[package.assets]]
name = "sqlite-linux-x86-microvm-standalone-256mb-dev.tar.gz"
url = "https://github.com/nanvix/sqlite/releases/download/3.49.0-nanvix-0.21.51-sdk.1/sqlite-linux-x86-microvm-standalone-256mb-dev.tar.gz"
id = 493999898

[[package.assets]]
name = "sqlite-linux-x86-microvm-standalone-256mb.tar.gz"
url = "https://github.com/nanvix/sqlite/releases/download/3.49.0-nanvix-0.21.51-sdk.1/sqlite-linux-x86-microvm-standalone-256mb.tar.gz"
id = 493999904

[[package.assets]]
name = "sqlite-windows-x86-microvm-standalone-256mb-dev.zip"
url = "https://github.com/nanvix/sqlite/releases/download/3.49.0-nanvix-0.21.51-sdk.1/sqlite-windows-x86-microvm-standalone-256mb-dev.zip"
id = 493999902

[[package.assets]]
name = "sqlite-windows-x86-microvm-standalone-256mb.zip"
url = "https://github.com/nanvix/sqlite/releases/download/3.49.0-nanvix-0.21.51-sdk.1/sqlite-windows-x86-microvm-standalone-256mb.zip"
id = 493999903

[[package]]
name = "openssl"
repo = "nanvix/openssl"
kind = "dependency"
ref-kind = "version"
ref-value = "3.5.0-nanvix-0.21.51-sdk.1"
resolved-tag = "3.5.0-nanvix-0.21.51-sdk.1"
resolved-commitish = "nanvix/v3.5.0"
release-id = 361237012
dependencies = []
transitive = true
required-by = [
    "cpython",
]

[[package.assets]]
name = "openssl-linux-x86-microvm-standalone-256mb-dev.tar.gz"
url = "https://github.com/nanvix/openssl/releases/download/3.5.0-nanvix-0.21.51-sdk.1/openssl-linux-x86-microvm-standalone-256mb-dev.tar.gz"
id = 492947124

[[package.assets]]
name = "openssl-windows-x86-microvm-standalone-256mb-dev.zip"
url = "https://github.com/nanvix/openssl/releases/download/3.5.0-nanvix-0.21.51-sdk.1/openssl-windows-x86-microvm-standalone-256mb-dev.zip"
id = 492947126

[[package]]
name = "bzip2"
repo = "nanvix/bzip2"
kind = "dependency"
ref-kind = "version"
ref-value = "1.0.8-nanvix-0.21.51-sdk.1"
resolved-tag = "1.0.8-nanvix-0.21.51-sdk.1"
resolved-commitish = "nanvix/v1.0.8"
release-id = 361236012
dependencies = []
transitive = true
required-by = [
    "cpython",
]

[[package.assets]]
name = "bzip2-linux-x86-microvm-standalone-256mb-dev.tar.gz"
url = "https://github.com/nanvix/bzip2/releases/download/1.0.8-nanvix-0.21.51-sdk.1/bzip2-linux-x86-microvm-standalone-256mb-dev.tar.gz"
id = 492945290

[[package.assets]]
name = "bzip2-linux-x86-microvm-standalone-256mb.tar.gz"
url = "https://github.com/nanvix/bzip2/releases/download/1.0.8-nanvix-0.21.51-sdk.1/bzip2-linux-x86-microvm-standalone-256mb.tar.gz"
id = 492945292

[[package.assets]]
name = "bzip2-windows-x86-microvm-standalone-256mb-dev.zip"
url = "https://github.com/nanvix/bzip2/releases/download/1.0.8-nanvix-0.21.51-sdk.1/bzip2-windows-x86-microvm-standalone-256mb-dev.zip"
id = 492945291

[[package.assets]]
name = "bzip2-windows-x86-microvm-standalone-256mb.zip"
url = "https://github.com/nanvix/bzip2/releases/download/1.0.8-nanvix-0.21.51-sdk.1/bzip2-windows-x86-microvm-standalone-256mb.zip"
id = 492945289

[[package]]
name = "libffi"
repo = "nanvix/libffi"
kind = "dependency"
ref-kind = "version"
ref-value = "3.4.6-nanvix-0.21.51-sdk.1"
resolved-tag = "3.4.6-nanvix-0.21.51-sdk.1"
resolved-commitish = "nanvix/v3.4.6"
release-id = 361235509
dependencies = []
transitive = true
required-by = [
    "cpython",
]

[[package.assets]]
name = "libffi-linux-x86-microvm-standalone-256mb-dev.tar.gz"
url = "https://github.com/nanvix/libffi/releases/download/3.4.6-nanvix-0.21.51-sdk.1/libffi-linux-x86-microvm-standalone-256mb-dev.tar.gz"
id = 492944427

[[package.assets]]
name = "libffi-windows-x86-microvm-standalone-256mb-dev.zip"
url = "https://github.com/nanvix/libffi/releases/download/3.4.6-nanvix-0.21.51-sdk.1/libffi-windows-x86-microvm-standalone-256mb-dev.zip"
id = 492944428

[[package]]
name = "libxml2"
repo = "nanvix/libxml2"
kind = "dependency"
ref-kind = "version"
ref-value = "2.12.9-nanvix-0.21.51-sdk.1"
resolved-tag = "2.12.9-nanvix-0.21.51-sdk.1"
resolved-commitish = "nanvix/v2.12.9"
release-id = 361725790
dependencies = [
    "zlib",
]
transitive = true
required-by = [
    "cpython",
    "libxslt",
    "lxml",
]

[[package.assets]]
name = "libxml2-linux-x86-microvm-standalone-256mb-dev.tar.gz"
url = "https://github.com/nanvix/libxml2/releases/download/2.12.9-nanvix-0.21.51-sdk.1/libxml2-linux-x86-microvm-standalone-256mb-dev.tar.gz"
id = 494000578

[[package.assets]]
name = "libxml2-linux-x86-microvm-standalone-256mb.tar.gz"
url = "https://github.com/nanvix/libxml2/releases/download/2.12.9-nanvix-0.21.51-sdk.1/libxml2-linux-x86-microvm-standalone-256mb.tar.gz"
id = 494000589

[[package.assets]]
name = "libxml2-windows-x86-microvm-standalone-256mb-dev.zip"
url = "https://github.com/nanvix/libxml2/releases/download/2.12.9-nanvix-0.21.51-sdk.1/libxml2-windows-x86-microvm-standalone-256mb-dev.zip"
id = 494000592

[[package.assets]]
name = "libxml2-windows-x86-microvm-standalone-256mb.zip"
url = "https://github.com/nanvix/libxml2/releases/download/2.12.9-nanvix-0.21.51-sdk.1/libxml2-windows-x86-microvm-standalone-256mb.zip"
id = 494000593

[[package]]
name = "libxslt"
repo = "nanvix/libxslt"
kind = "dependency"
ref-kind = "version"
ref-value = "1.1.42-nanvix-0.21.51-sdk.1"
resolved-tag = "1.1.42-nanvix-0.21.51-sdk.1"
resolved-commitish = "nanvix/v1.1.42"
release-id = 361761262
dependencies = [
    "libxml2",
    "zlib",
]
transitive = true
required-by = [
    "cpython",
    "lxml",
]

[[package.assets]]
name = "libxslt-linux-x86-microvm-standalone-256mb-dev.tar.gz"
url = "https://github.com/nanvix/libxslt/releases/download/1.1.42-nanvix-0.21.51-sdk.1/libxslt-linux-x86-microvm-standalone-256mb-dev.tar.gz"
id = 494054128

[[package.assets]]
name = "libxslt-windows-x86-microvm-standalone-256mb-dev.zip"
url = "https://github.com/nanvix/libxslt/releases/download/1.1.42-nanvix-0.21.51-sdk.1/libxslt-windows-x86-microvm-standalone-256mb-dev.zip"
id = 494054126

[[package]]
name = "lxml"
repo = "nanvix/lxml"
kind = "dependency"
ref-kind = "version"
ref-value = "5.3.0-nanvix-0.21.51-sdk.1"
resolved-tag = "5.3.0-nanvix-0.21.51-sdk.1"
resolved-commitish = "nanvix/v5.3.0"
release-id = 361796410
dependencies = [
    "zlib",
    "libxml2",
    "libxslt",
]
transitive = true
required-by = [
    "cpython",
]

[[package.assets]]
name = "lxml-linux-x86-microvm-standalone-256mb-dev.tar.gz"
url = "https://github.com/nanvix/lxml/releases/download/5.3.0-nanvix-0.21.51-sdk.1/lxml-linux-x86-microvm-standalone-256mb-dev.tar.gz"
id = 494103584

[[package.assets]]
name = "lxml-windows-x86-microvm-standalone-256mb-dev.zip"
url = "https://github.com/nanvix/lxml/releases/download/5.3.0-nanvix-0.21.51-sdk.1/lxml-windows-x86-microvm-standalone-256mb-dev.zip"
id = 494103583

[[package]]
name = "xz"
repo = "nanvix/xz"
kind = "dependency"
ref-kind = "version"
ref-value = "5.2.5-nanvix-0.21.51-sdk.1"
resolved-tag = "5.2.5-nanvix-0.21.51-sdk.1"
resolved-commitish = "nanvix/v5.2.5"
release-id = 361234889
dependencies = []
transitive = true
required-by = [
    "cpython",
]

[[package.assets]]
name = "xz-linux-x86-microvm-standalone-256mb-dev.tar.gz"
url = "https://github.com/nanvix/xz/releases/download/5.2.5-nanvix-0.21.51-sdk.1/xz-linux-x86-microvm-standalone-256mb-dev.tar.gz"
id = 492943308

[[package.assets]]
name = "xz-windows-x86-microvm-standalone-256mb-dev.zip"
url = "https://github.com/nanvix/xz/releases/download/5.2.5-nanvix-0.21.51-sdk.1/xz-windows-x86-microvm-standalone-256mb-dev.zip"
id = 492943309
