# nanvix.lock - auto-generated by nanvix_zutil. DO NOT EDIT.

[metadata]
manifest-hash = "sha256:4e6ea0487b0bcd3d67e6e7b3aa86b751abc768491a5e311748bdd159cf76d233"
nanvix-zutil-version = "0.17.0"

[metadata.sdk]
schema-version = 1
sdk-version = "v0.20.9-sdk.1"
provider-id = "c-clang"
provider = "clang"
role = "c"
image-name = "ghcr.io/nanvix/nanvix-sdk-c-clang"
image-digest = "sha256:37c6a9fcffc60b997e1fe2707bd0cadf91dbf98ecb0348863dbeab4b5c47905c"
image-ref = "ghcr.io/nanvix/nanvix-sdk-c-clang@sha256:37c6a9fcffc60b997e1fe2707bd0cadf91dbf98ecb0348863dbeab4b5c47905c"
nanvix-tag = "v0.20.9"
nanvix-version = "0.20.9"
nanvix-commit = "94041cca08aea72fff1b4df4c57ab47047e6f294"
sysroot-sha256 = "5b2a1446c4df3172598173349042e591ce181235b3c4e20664aeb9b83c022a25"

[metadata.sdk.target]
alias = "i686-nanvix"
triple = "i686-unknown-nanvix"

[metadata.sdk.toolchain]
llvm_commit = "6bf96f19abaa3e03fa51fad601a4b26238ef4fbe"
llvm_version = "22.1.8"
port_branch = "nanvix/v22.1.8"

[metadata.sdk.compat]
abi = "static-elf"
c_abi = "i686-nanvix-sysv-1"
cxx_abi = "libc++"
min_nanvix_os = "0.19.9"

[metadata.sdk.features]
compiler_rt = "builtins-only"
dynamic_loader = false
filesystem = true
localization = true
wide_chars = true


[[package]]
name = "nanvix"
repo = "nanvix/nanvix"
kind = "sysroot"
ref-kind = "tag"
ref-value = "0.20.9"
resolved-tag = "v0.20.9"
resolved-commitish = "94041cca08aea72fff1b4df4c57ab47047e6f294"
release-id = 354183166
dependencies = []

[[package.assets]]
name = "nanvix-windows-x86-microvm-standalone-release-256mb-94041cca08aea72fff1b4df4c57ab47047e6f294.zip"
url = "https://github.com/nanvix/nanvix/releases/download/v0.20.9/nanvix-windows-x86-microvm-standalone-release-256mb-94041cca08aea72fff1b4df4c57ab47047e6f294.zip"
id = 477456800

[[package.assets]]
name = "nanvix-x86-microvm-single-process-release-256mb-94041cca08aea72fff1b4df4c57ab47047e6f294.tar.bz2"
url = "https://github.com/nanvix/nanvix/releases/download/v0.20.9/nanvix-x86-microvm-single-process-release-256mb-94041cca08aea72fff1b4df4c57ab47047e6f294.tar.bz2"
id = 477456850

[[package.assets]]
name = "nanvix-x86-microvm-standalone-release-256mb-94041cca08aea72fff1b4df4c57ab47047e6f294.tar.bz2"
url = "https://github.com/nanvix/nanvix/releases/download/v0.20.9/nanvix-x86-microvm-standalone-release-256mb-94041cca08aea72fff1b4df4c57ab47047e6f294.tar.bz2"
id = 477456865

[[package]]
name = "cpython"
repo = "nanvix/cpython"
kind = "dependency"
ref-kind = "version"
ref-value = "3.12.3-nanvix-0.20.9-sdk.1"
resolved-tag = "3.12.3-nanvix-0.20.9-sdk.1"
resolved-commitish = "nanvix/v3.12.3"
release-id = 354675886
dependencies = [
    "zlib",
    "sqlite",
    "openssl",
    "bzip2",
    "libffi",
    "libxml2",
    "libxslt",
    "lxml",
    "xz",
]

[[package.assets]]
name = "cpython-linux-x86-microvm-standalone-256mb-dev.tar.gz"
url = "https://github.com/nanvix/cpython/releases/download/3.12.3-nanvix-0.20.9-sdk.1/cpython-linux-x86-microvm-standalone-256mb-dev.tar.gz"
id = 478320127

[[package.assets]]
name = "cpython-linux-x86-microvm-standalone-256mb.tar.gz"
url = "https://github.com/nanvix/cpython/releases/download/3.12.3-nanvix-0.20.9-sdk.1/cpython-linux-x86-microvm-standalone-256mb.tar.gz"
id = 478320126

[[package.assets]]
name = "cpython-windows-x86-microvm-standalone-256mb-dev.zip"
url = "https://github.com/nanvix/cpython/releases/download/3.12.3-nanvix-0.20.9-sdk.1/cpython-windows-x86-microvm-standalone-256mb-dev.zip"
id = 478320124

[[package.assets]]
name = "cpython-windows-x86-microvm-standalone-256mb.zip"
url = "https://github.com/nanvix/cpython/releases/download/3.12.3-nanvix-0.20.9-sdk.1/cpython-windows-x86-microvm-standalone-256mb.zip"
id = 478320123

[[package]]
name = "zlib"
repo = "nanvix/zlib"
kind = "dependency"
ref-kind = "version"
ref-value = "1.3.1-nanvix-0.20.9-sdk.1"
resolved-tag = "1.3.1-nanvix-0.20.9-sdk.1"
resolved-commitish = "nanvix/v1.3.1"
release-id = 354630018
dependencies = []
transitive = true
required-by = [
    "cpython",
    "sqlite",
    "libxml2",
    "libxslt",
    "lxml",
]

[[package.assets]]
name = "zlib-linux-x86-microvm-standalone-256mb-dev.tar.gz"
url = "https://github.com/nanvix/zlib/releases/download/1.3.1-nanvix-0.20.9-sdk.1/zlib-linux-x86-microvm-standalone-256mb-dev.tar.gz"
id = 478242455

[[package.assets]]
name = "zlib-windows-x86-microvm-standalone-256mb-dev.zip"
url = "https://github.com/nanvix/zlib/releases/download/1.3.1-nanvix-0.20.9-sdk.1/zlib-windows-x86-microvm-standalone-256mb-dev.zip"
id = 478242457

[[package]]
name = "sqlite"
repo = "nanvix/sqlite"
kind = "dependency"
ref-kind = "version"
ref-value = "3.49.0-nanvix-0.20.9-sdk.1"
resolved-tag = "3.49.0-nanvix-0.20.9-sdk.1"
resolved-commitish = "nanvix/v3.49.0"
release-id = 354640607
dependencies = [
    "zlib",
]
transitive = true
required-by = [
    "cpython",
]

[[package.assets]]
name = "sqlite-linux-x86-microvm-standalone-256mb-dev.tar.gz"
url = "https://github.com/nanvix/sqlite/releases/download/3.49.0-nanvix-0.20.9-sdk.1/sqlite-linux-x86-microvm-standalone-256mb-dev.tar.gz"
id = 478262086

[[package.assets]]
name = "sqlite-linux-x86-microvm-standalone-256mb.tar.gz"
url = "https://github.com/nanvix/sqlite/releases/download/3.49.0-nanvix-0.20.9-sdk.1/sqlite-linux-x86-microvm-standalone-256mb.tar.gz"
id = 478262087

[[package.assets]]
name = "sqlite-windows-x86-microvm-standalone-256mb-dev.zip"
url = "https://github.com/nanvix/sqlite/releases/download/3.49.0-nanvix-0.20.9-sdk.1/sqlite-windows-x86-microvm-standalone-256mb-dev.zip"
id = 478262084

[[package.assets]]
name = "sqlite-windows-x86-microvm-standalone-256mb.zip"
url = "https://github.com/nanvix/sqlite/releases/download/3.49.0-nanvix-0.20.9-sdk.1/sqlite-windows-x86-microvm-standalone-256mb.zip"
id = 478262085

[[package]]
name = "openssl"
repo = "nanvix/openssl"
kind = "dependency"
ref-kind = "version"
ref-value = "3.5.0-nanvix-0.20.9-sdk.1"
resolved-tag = "3.5.0-nanvix-0.20.9-sdk.1"
resolved-commitish = "nanvix/v3.5.0"
release-id = 354631361
dependencies = []
transitive = true
required-by = [
    "cpython",
]

[[package.assets]]
name = "openssl-linux-x86-microvm-standalone-256mb-dev.tar.gz"
url = "https://github.com/nanvix/openssl/releases/download/3.5.0-nanvix-0.20.9-sdk.1/openssl-linux-x86-microvm-standalone-256mb-dev.tar.gz"
id = 478245704

[[package.assets]]
name = "openssl-windows-x86-microvm-standalone-256mb-dev.zip"
url = "https://github.com/nanvix/openssl/releases/download/3.5.0-nanvix-0.20.9-sdk.1/openssl-windows-x86-microvm-standalone-256mb-dev.zip"
id = 478245700

[[package]]
name = "bzip2"
repo = "nanvix/bzip2"
kind = "dependency"
ref-kind = "version"
ref-value = "1.0.8-nanvix-0.20.9-sdk.1"
resolved-tag = "1.0.8-nanvix-0.20.9-sdk.1"
resolved-commitish = "nanvix/v1.0.8"
release-id = 354629350
dependencies = []
transitive = true
required-by = [
    "cpython",
]

[[package.assets]]
name = "bzip2-linux-x86-microvm-standalone-256mb-dev.tar.gz"
url = "https://github.com/nanvix/bzip2/releases/download/1.0.8-nanvix-0.20.9-sdk.1/bzip2-linux-x86-microvm-standalone-256mb-dev.tar.gz"
id = 478241096

[[package.assets]]
name = "bzip2-linux-x86-microvm-standalone-256mb.tar.gz"
url = "https://github.com/nanvix/bzip2/releases/download/1.0.8-nanvix-0.20.9-sdk.1/bzip2-linux-x86-microvm-standalone-256mb.tar.gz"
id = 478241099

[[package.assets]]
name = "bzip2-windows-x86-microvm-standalone-256mb-dev.zip"
url = "https://github.com/nanvix/bzip2/releases/download/1.0.8-nanvix-0.20.9-sdk.1/bzip2-windows-x86-microvm-standalone-256mb-dev.zip"
id = 478241093

[[package.assets]]
name = "bzip2-windows-x86-microvm-standalone-256mb.zip"
url = "https://github.com/nanvix/bzip2/releases/download/1.0.8-nanvix-0.20.9-sdk.1/bzip2-windows-x86-microvm-standalone-256mb.zip"
id = 478241095

[[package]]
name = "libffi"
repo = "nanvix/libffi"
kind = "dependency"
ref-kind = "version"
ref-value = "3.4.6-nanvix-0.20.9-sdk.1"
resolved-tag = "3.4.6-nanvix-0.20.9-sdk.1"
resolved-commitish = "nanvix/v3.4.6"
release-id = 354629478
dependencies = []
transitive = true
required-by = [
    "cpython",
]

[[package.assets]]
name = "libffi-linux-x86-microvm-standalone-256mb-dev.tar.gz"
url = "https://github.com/nanvix/libffi/releases/download/3.4.6-nanvix-0.20.9-sdk.1/libffi-linux-x86-microvm-standalone-256mb-dev.tar.gz"
id = 478241299

[[package.assets]]
name = "libffi-windows-x86-microvm-standalone-256mb-dev.zip"
url = "https://github.com/nanvix/libffi/releases/download/3.4.6-nanvix-0.20.9-sdk.1/libffi-windows-x86-microvm-standalone-256mb-dev.zip"
id = 478241301

[[package]]
name = "libxml2"
repo = "nanvix/libxml2"
kind = "dependency"
ref-kind = "version"
ref-value = "2.12.9-nanvix-0.20.9-sdk.1"
resolved-tag = "2.12.9-nanvix-0.20.9-sdk.1"
resolved-commitish = "nanvix/v2.12.9"
release-id = 354639992
dependencies = [
    "zlib",
]
transitive = true
required-by = [
    "cpython",
    "libxslt",
    "lxml",
]

[[package.assets]]
name = "libxml2-linux-x86-microvm-standalone-256mb-dev.tar.gz"
url = "https://github.com/nanvix/libxml2/releases/download/2.12.9-nanvix-0.20.9-sdk.1/libxml2-linux-x86-microvm-standalone-256mb-dev.tar.gz"
id = 478260873

[[package.assets]]
name = "libxml2-linux-x86-microvm-standalone-256mb.tar.gz"
url = "https://github.com/nanvix/libxml2/releases/download/2.12.9-nanvix-0.20.9-sdk.1/libxml2-linux-x86-microvm-standalone-256mb.tar.gz"
id = 478260875

[[package.assets]]
name = "libxml2-windows-x86-microvm-standalone-256mb-dev.zip"
url = "https://github.com/nanvix/libxml2/releases/download/2.12.9-nanvix-0.20.9-sdk.1/libxml2-windows-x86-microvm-standalone-256mb-dev.zip"
id = 478260871

[[package.assets]]
name = "libxml2-windows-x86-microvm-standalone-256mb.zip"
url = "https://github.com/nanvix/libxml2/releases/download/2.12.9-nanvix-0.20.9-sdk.1/libxml2-windows-x86-microvm-standalone-256mb.zip"
id = 478260872

[[package]]
name = "libxslt"
repo = "nanvix/libxslt"
kind = "dependency"
ref-kind = "version"
ref-value = "1.1.42-nanvix-0.20.9-sdk.1"
resolved-tag = "1.1.42-nanvix-0.20.9-sdk.1"
resolved-commitish = "nanvix/v1.1.42"
release-id = 354653236
dependencies = [
    "libxml2",
    "zlib",
]
transitive = true
required-by = [
    "cpython",
    "lxml",
]

[[package.assets]]
name = "libxslt-linux-x86-microvm-standalone-256mb-dev.tar.gz"
url = "https://github.com/nanvix/libxslt/releases/download/1.1.42-nanvix-0.20.9-sdk.1/libxslt-linux-x86-microvm-standalone-256mb-dev.tar.gz"
id = 478283663

[[package.assets]]
name = "libxslt-windows-x86-microvm-standalone-256mb-dev.zip"
url = "https://github.com/nanvix/libxslt/releases/download/1.1.42-nanvix-0.20.9-sdk.1/libxslt-windows-x86-microvm-standalone-256mb-dev.zip"
id = 478283666

[[package]]
name = "lxml"
repo = "nanvix/lxml"
kind = "dependency"
ref-kind = "version"
ref-value = "5.3.0-nanvix-0.20.9-sdk.1"
resolved-tag = "5.3.0-nanvix-0.20.9-sdk.1"
resolved-commitish = "nanvix/v5.3.0"
release-id = 354658318
dependencies = [
    "zlib",
    "libxml2",
    "libxslt",
]
transitive = true
required-by = [
    "cpython",
]

[[package.assets]]
name = "lxml-linux-x86-microvm-standalone-256mb-dev.tar.gz"
url = "https://github.com/nanvix/lxml/releases/download/5.3.0-nanvix-0.20.9-sdk.1/lxml-linux-x86-microvm-standalone-256mb-dev.tar.gz"
id = 478290062

[[package.assets]]
name = "lxml-windows-x86-microvm-standalone-256mb-dev.zip"
url = "https://github.com/nanvix/lxml/releases/download/5.3.0-nanvix-0.20.9-sdk.1/lxml-windows-x86-microvm-standalone-256mb-dev.zip"
id = 478290065

[[package]]
name = "xz"
repo = "nanvix/xz"
kind = "dependency"
ref-kind = "version"
ref-value = "5.2.5-nanvix-0.20.9-sdk.1"
resolved-tag = "5.2.5-nanvix-0.20.9-sdk.1"
resolved-commitish = "nanvix/v5.2.5"
release-id = 354629590
dependencies = []
transitive = true
required-by = [
    "cpython",
]

[[package.assets]]
name = "xz-linux-x86-microvm-standalone-256mb-dev.tar.gz"
url = "https://github.com/nanvix/xz/releases/download/5.2.5-nanvix-0.20.9-sdk.1/xz-linux-x86-microvm-standalone-256mb-dev.tar.gz"
id = 478241501

[[package.assets]]
name = "xz-windows-x86-microvm-standalone-256mb-dev.zip"
url = "https://github.com/nanvix/xz/releases/download/5.2.5-nanvix-0.20.9-sdk.1/xz-windows-x86-microvm-standalone-256mb-dev.zip"
id = 478241500
